
Microsoft Visual Studio Solution File, Format Version 12.00
# Visual Studio 2015
Project("{FAE04EC0-301F-11D3-BF4B-00C04F79EFBC}") = "Project DickPik.CSharp", "Project DickPik.CSharp.csproj", "{1399505F-F038-83AF-117F-A24062639639}"
EndProject
Global
	GlobalSection(SolutionConfigurationPlatforms) = preSolution
		Debug|Any CPU = Debug|Any CPU
		Release|Any CPU = Release|Any CPU
	EndGlobalSection
	GlobalSection(ProjectConfigurationPlatforms) = postSolution
		{1399505F-F038-83AF-117F-A24062639639}.Debug|Any CPU.ActiveCfg = Debug|Any CPU
		{1399505F-F038-83AF-117F-A24062639639}.Debug|Any CPU.Build.0 = Debug|Any CPU
		{1399505F-F038-83AF-117F-A24062639639}.Release|Any CPU.ActiveCfg = Release|Any CPU
		{1399505F-F038-83AF-117F-A24062639639}.Release|Any CPU.Build.0 = Release|Any CPU
	EndGlobalSection
	GlobalSection(SolutionProperties) = preSolution
		HideSolutionNode = FALSE
	EndGlobalSection
EndGlobal
